
Microsoft Visual Studio Solution File, Format Version 12.00
# Visual Studio 15
VisualStudioVersion = 15.0.28010.2041
MinimumVisualStudioVersion = 10.0.40219.1
Project("{9A19103F-16F7-4668-BE54-9A1E7A4F7556}") = "TheHiProgram", "TheHiProgram\TheHiProgram.csproj", "{A058545C-2CB9-48A8-8014-488E466FCDF6}"
EndProject
Project("{9A19103F-16F7-4668-BE54-9A1E7A4F7556}") = "AgeAfter10Years", "AgeAfter10Years\AgeAfter10Years.csproj", "{32BC5538-4C40-4256-9592-BA7F24A5D407}"
EndProject
Project("{9A19103F-16F7-4668-BE54-9A1E7A4F7556}") = "MyUniqueNumber", "MyUniqueNumber\MyUniqueNumber.csproj", "{B5A13FEE-3184-47D6-9BB2-AF096A70B465}"
EndProject
Project("{9A19103F-16F7-4668-BE54-9A1E7A4F7556}") = "4thDigit", "4thDigit\4thDigit.csproj", "{D0D0478D-F9EC-4F2F-9916-4E6B03886B7D}"
EndProject
Project("{9A19103F-16F7-4668-BE54-9A1E7A4F7556}") = "TravellingToSunWithSoundSpeed", "TravellingToSunWithSoundSpeed\TravellingToSunWithSoundSpeed.csproj", "{AF9623B4-A37A-4313-93B1-FD9BD4562250}"
EndProject
Project("{9A19103F-16F7-4668-BE54-9A1E7A4F7556}") = "WeightInTheSolarSystem", "WeightInTheSolarSystem\WeightInTheSolarSystem.csproj", "{AF15D7D6-05F2-4358-8333-45EC4FA826ED}"
EndProject
Project("{9A19103F-16F7-4668-BE54-9A1E7A4F7556}") = "DecartCoordinates", "DecartCoordinates\DecartCoordinates.csproj", "{E4EF56E1-35E7-4C19-9CBE-C87A3E204B68}"
EndProject
Project("{9A19103F-16F7-4668-BE54-9A1E7A4F7556}") = "BusTicketLuckyNumbers", "BusTicketLuckyNumbers\BusTicketLuckyNumbers.csproj", "{D04B1505-D2CD-4B5C-9B32-8B2397E7B73B}"
EndProject
Project("{9A19103F-16F7-4668-BE54-9A1E7A4F7556}") = "MisterPiggy", "MisterPiggy\MisterPiggy.csproj", "{3626A58B-5B4D-442E-A9E5-01FDDC098D53}"
EndProject
Project("{FAE04EC0-301F-11D3-BF4B-00C04F79EFBC}") = "SimpleDeckOfCards", "SimpleDeckOfCards\SimpleDeckOfCards.csproj", "{691048B4-AA79-4D69-9669-AF1822BFF2AB}"
EndProject
Global
	GlobalSection(SolutionConfigurationPlatforms) = preSolution
		Debug|Any CPU = Debug|Any CPU
		Release|Any CPU = Release|Any CPU
	EndGlobalSection
	GlobalSection(ProjectConfigurationPlatforms) = postSolution
		{A058545C-2CB9-48A8-8014-488E466FCDF6}.Debug|Any CPU.ActiveCfg = Debug|Any CPU
		{A058545C-2CB9-48A8-8014-488E466FCDF6}.Debug|Any CPU.Build.0 = Debug|Any CPU
		{A058545C-2CB9-48A8-8014-488E466FCDF6}.Release|Any CPU.ActiveCfg = Release|Any CPU
		{A058545C-2CB9-48A8-8014-488E466FCDF6}.Release|Any CPU.Build.0 = Release|Any CPU
		{32BC5538-4C40-4256-9592-BA7F24A5D407}.Debug|Any CPU.ActiveCfg = Debug|Any CPU
		{32BC5538-4C40-4256-9592-BA7F24A5D407}.Debug|Any CPU.Build.0 = Debug|Any CPU
		{32BC5538-4C40-4256-9592-BA7F24A5D407}.Release|Any CPU.ActiveCfg = Release|Any CPU
		{32BC5538-4C40-4256-9592-BA7F24A5D407}.Release|Any CPU.Build.0 = Release|Any CPU
		{B5A13FEE-3184-47D6-9BB2-AF096A70B465}.Debug|Any CPU.ActiveCfg = Debug|Any CPU
		{B5A13FEE-3184-47D6-9BB2-AF096A70B465}.Debug|Any CPU.Build.0 = Debug|Any CPU
		{B5A13FEE-3184-47D6-9BB2-AF096A70B465}.Release|Any CPU.ActiveCfg = Release|Any CPU
		{B5A13FEE-3184-47D6-9BB2-AF096A70B465}.Release|Any CPU.Build.0 = Release|Any CPU
		{D0D0478D-F9EC-4F2F-9916-4E6B03886B7D}.Debug|Any CPU.ActiveCfg = Debug|Any CPU
		{D0D0478D-F9EC-4F2F-9916-4E6B03886B7D}.Debug|Any CPU.Build.0 = Debug|Any CPU
		{D0D0478D-F9EC-4F2F-9916-4E6B03886B7D}.Release|Any CPU.ActiveCfg = Release|Any CPU
		{D0D0478D-F9EC-4F2F-9916-4E6B03886B7D}.Release|Any CPU.Build.0 = Release|Any CPU
		{AF9623B4-A37A-4313-93B1-FD9BD4562250}.Debug|Any CPU.ActiveCfg = Debug|Any CPU
		{AF9623B4-A37A-4313-93B1-FD9BD4562250}.Debug|Any CPU.Build.0 = Debug|Any CPU
		{AF9623B4-A37A-4313-93B1-FD9BD4562250}.Release|Any CPU.ActiveCfg = Release|Any CPU
		{AF9623B4-A37A-4313-93B1-FD9BD4562250}.Release|Any CPU.Build.0 = Release|Any CPU
		{AF15D7D6-05F2-4358-8333-45EC4FA826ED}.Debug|Any CPU.ActiveCfg = Debug|Any CPU
		{AF15D7D6-05F2-4358-8333-45EC4FA826ED}.Debug|Any CPU.Build.0 = Debug|Any CPU
		{AF15D7D6-05F2-4358-8333-45EC4FA826ED}.Release|Any CPU.ActiveCfg = Release|Any CPU
		{AF15D7D6-05F2-4358-8333-45EC4FA826ED}.Release|Any CPU.Build.0 = Release|Any CPU
		{E4EF56E1-35E7-4C19-9CBE-C87A3E204B68}.Debug|Any CPU.ActiveCfg = Debug|Any CPU
		{E4EF56E1-35E7-4C19-9CBE-C87A3E204B68}.Debug|Any CPU.Build.0 = Debug|Any CPU
		{E4EF56E1-35E7-4C19-9CBE-C87A3E204B68}.Release|Any CPU.ActiveCfg = Release|Any CPU
		{E4EF56E1-35E7-4C19-9CBE-C87A3E204B68}.Release|Any CPU.Build.0 = Release|Any CPU
		{D04B1505-D2CD-4B5C-9B32-8B2397E7B73B}.Debug|Any CPU.ActiveCfg = Debug|Any CPU
		{D04B1505-D2CD-4B5C-9B32-8B2397E7B73B}.Debug|Any CPU.Build.0 = Debug|Any CPU
		{D04B1505-D2CD-4B5C-9B32-8B2397E7B73B}.Release|Any CPU.ActiveCfg = Release|Any CPU
		{D04B1505-D2CD-4B5C-9B32-8B2397E7B73B}.Release|Any CPU.Build.0 = Release|Any CPU
		{3626A58B-5B4D-442E-A9E5-01FDDC098D53}.Debug|Any CPU.ActiveCfg = Debug|Any CPU
		{3626A58B-5B4D-442E-A9E5-01FDDC098D53}.Debug|Any CPU.Build.0 = Debug|Any CPU
		{3626A58B-5B4D-442E-A9E5-01FDDC098D53}.Release|Any CPU.ActiveCfg = Release|Any CPU
		{3626A58B-5B4D-442E-A9E5-01FDDC098D53}.Release|Any CPU.Build.0 = Release|Any CPU
		{691048B4-AA79-4D69-9669-AF1822BFF2AB}.Debug|Any CPU.ActiveCfg = Debug|Any CPU
		{691048B4-AA79-4D69-9669-AF1822BFF2AB}.Debug|Any CPU.Build.0 = Debug|Any CPU
		{691048B4-AA79-4D69-9669-AF1822BFF2AB}.Release|Any CPU.ActiveCfg = Release|Any CPU
		{691048B4-AA79-4D69-9669-AF1822BFF2AB}.Release|Any CPU.Build.0 = Release|Any CPU
	EndGlobalSection
	GlobalSection(SolutionProperties) = preSolution
		HideSolutionNode = FALSE
	EndGlobalSection
	GlobalSection(ExtensibilityGlobals) = postSolution
		SolutionGuid = {44CCAB7A-37CA-4A86-A378-A7E8DD2E2E78}
	EndGlobalSection
EndGlobal
